// !$*UTF8*$!
{
	archiveVersion = 1;
	classes = {
	};
	objectVersion = 56;
	objects = {

/* Begin PBXBuildFile section */
		C64D8C0629E34A8D004838BD /* AppDelegate.swift in Sources */ = {isa = PBXBuildFile; fileRef = C64D8C0529E34A8D004838BD /* AppDelegate.swift */; };
		C64D8C0829E34A8D004838BD /* SceneDelegate.swift in Sources */ = {isa = PBXBuildFile; fileRef = C64D8C0729E34A8D004838BD /* SceneDelegate.swift */; };
		C64D8C0A29E34A8D004838BD /* ViewController.swift in Sources */ = {isa = PBXBuildFile; fileRef = C64D8C0929E34A8D004838BD /* ViewController.swift */; };
		C64D8C0D29E34A8D004838BD /* Main.storyboard in Resources */ = {isa = PBXBuildFile; fileRef = C64D8C0B29E34A8D004838BD /* Main.storyboard */; };
		C64D8C0F29E34A8E004838BD /* Assets.xcassets in Resources */ = {isa = PBXBuildFile; fileRef = C64D8C0E29E34A8E004838BD /* Assets.xcassets */; };
		C64D8C1229E34A8E004838BD /* LaunchScreen.storyboard in Resources */ = {isa = PBXBuildFile; fileRef = C64D8C1029E34A8E004838BD /* LaunchScreen.storyboard */; };
		C6998E5129E387E1009C8FC1 /* A.wav in Resources */ = {isa = PBXBuildFile; fileRef = C6998E5029E387E1009C8FC1 /* A.wav */; };
		C6998E5329E387EC009C8FC1 /* C.wav in Resources */ = {isa = PBXBuildFile; fileRef = C6998E5229E387EC009C8FC1 /* C.wav */; };
		C6998E5529E38805009C8FC1 /* B.wav in Resources */ = {isa = PBXBuildFile; fileRef = C6998E5429E38805009C8FC1 /* B.wav */; };
		C6998E5729E3880F009C8FC1 /* D.wav in Resources */ = {isa = PBXBuildFile; fileRef = C6998E5629E3880F009C8FC1 /* D.wav */; };
		C6998E5929E38819009C8FC1 /* E.wav in Resources */ = {isa = PBXBuildFile; fileRef = C6998E5829E38819009C8FC1 /* E.wav */; };
		C6998E5B29E38822009C8FC1 /* F.wav in Resources */ = {isa = PBXBuildFile; fileRef = C6998E5A29E38822009C8FC1 /* F.wav */; };
		C6998E5D29E3882B009C8FC1 /* G.wav in Resources */ = {isa = PBXBuildFile; fileRef = C6998E5C29E3882B009C8FC1 /* G.wav */; };
/* End PBXBuildFile section */

/* Begin PBXFileReference section */
		C64D8C0229E34A8D004838BD /* Xylophone.app */ = {isa = PBXFileReference; explicitFileType = wrapper.application; includeInIndex = 0; path = Xylophone.app; sourceTree = BUILT_PRODUCTS_DIR; };
		C64D8C0529E34A8D004838BD /* AppDelegate.swift */ = {isa = PBXFileReference; lastKnownFileType = sourcecode.swift; path = AppDelegate.swift; sourceTree = "<group>"; };
		C64D8C0729E34A8D004838BD /* SceneDelegate.swift */ = {isa = PBXFileReference; lastKnownFileType = sourcecode.swift; path = SceneDelegate.swift; sourceTree = "<group>"; };
		C64D8C0929E34A8D004838BD /* ViewController.swift */ = {isa = PBXFileReference; lastKnownFileType = sourcecode.swift; path = ViewController.swift; sourceTree = "<group>"; };
		C64D8C0C29E34A8D004838BD /* Base */ = {isa = PBXFileReference; lastKnownFileType = file.storyboard; name = Base; path = Base.lproj/Main.storyboard; sourceTree = "<group>"; };
		C64D8C0E29E34A8E004838BD /* Assets.xcassets */ = {isa = PBXFileReference; lastKnownFileType = folder.assetcatalog; path = Assets.xcassets; sourceTree = "<group>"; };
		C64D8C1129E34A8E004838BD /* Base */ = {isa = PBXFileReference; lastKnownFileType = file.storyboard; name = Base; path = Base.lproj/LaunchScreen.storyboard; sourceTree = "<group>"; };
		C64D8C1329E34A8E004838BD /* Info.plist */ = {isa = PBXFileReference; lastKnownFileType = text.plist.xml; path = Info.plist; sourceTree = "<group>"; };
		C6998E5029E387E1009C8FC1 /* A.wav */ = {isa = PBXFileReference; lastKnownFileType = audio.wav; path = A.wav; sourceTree = "<group>"; };
		C6998E5229E387EC009C8FC1 /* C.wav */ = {isa = PBXFileReference; lastKnownFileType = audio.wav; path = C.wav; sourceTree = "<group>"; };
		C6998E5429E38805009C8FC1 /* B.wav */ = {isa = PBXFileReference; lastKnownFileType = audio.wav; path = B.wav; sourceTree = "<group>"; };
		C6998E5629E3880F009C8FC1 /* D.wav */ = {isa = PBXFileReference; lastKnownFileType = audio.wav; path = D.wav; sourceTree = "<group>"; };
		C6998E5829E38819009C8FC1 /* E.wav */ = {isa = PBXFileReference; lastKnownFileType = audio.wav; path = E.wav; sourceTree = "<group>"; };
		C6998E5A29E38822009C8FC1 /* F.wav */ = {isa = PBXFileReference; lastKnownFileType = audio.wav; path = F.wav; sourceTree = "<group>"; };
		C6998E5C29E3882B009C8FC1 /* G.wav */ = {isa = PBXFileReference; lastKnownFileType = audio.wav; path = G.wav; sourceTree = "<group>"; };
/* End PBXFileReference section */

/* Begin PBXFrameworksBuildPhase section */
		C64D8BFF29E34A8D004838BD /* Frameworks */ = {
			isa = PBXFrameworksBuildPhase;
			buildActionMask = 2147483647;
			files = (
			);
			runOnlyForDeploymentPostprocessing = 0;
		};
/* End PBXFrameworksBuildPhase section */

/* Begin PBXGroup section */
		C64D8BF929E34A8D004838BD = {
			isa = PBXGroup;
			children = (
				C64D8C0429E34A8D004838BD /* Xylophone */,
				C64D8C0329E34A8D004838BD /* Products */,
			);
			sourceTree = "<group>";
		};
		C64D8C0329E34A8D004838BD /* Products */ = {
			isa = PBXGroup;
			children = (
				C64D8C0229E34A8D004838BD /* Xylophone.app */,
			);
			name = Products;
			sourceTree = "<group>";
		};
		C64D8C0429E34A8D004838BD /* Xylophone */ = {
			isa = PBXGroup;
			children = (
				C64D8C0529E34A8D004838BD /* AppDelegate.swift */,
				C64D8C0729E34A8D004838BD /* SceneDelegate.swift */,
				C64D8C0929E34A8D004838BD /* ViewController.swift */,
				C64D8C0B29E34A8D004838BD /* Main.storyboard */,
				C64D8C0E29E34A8E004838BD /* Assets.xcassets */,
				C64D8C1029E34A8E004838BD /* LaunchScreen.storyboard */,
				C6998E4F29E38783009C8FC1 /* Resources */,
				C64D8C1329E34A8E004838BD /* Info.plist */,
			);
			path = Xylophone;
			sourceTree = "<group>";
		};
		C6998E4F29E38783009C8FC1 /* Resources */ = {
			isa = PBXGroup;
			children = (
				C6998E5029E387E1009C8FC1 /* A.wav */,
				C6998E5429E38805009C8FC1 /* B.wav */,
				C6998E5229E387EC009C8FC1 /* C.wav */,
				C6998E5629E3880F009C8FC1 /* D.wav */,
				C6998E5829E38819009C8FC1 /* E.wav */,
				C6998E5A29E38822009C8FC1 /* F.wav */,
				C6998E5C29E3882B009C8FC1 /* G.wav */,
			);
			path = Resources;
			sourceTree = "<group>";
		};
/* End PBXGroup section */

/* Begin PBXNativeTarget section */
		C64D8C0129E34A8D004838BD /* Xylophone */ = {
			isa = PBXNativeTarget;
			buildConfigurationList = C64D8C1629E34A8E004838BD /* Build configuration list for PBXNativeTarget "Xylophone" */;
			buildPhases = (
				C64D8BFE29E34A8D004838BD /* Sources */,
				C64D8BFF29E34A8D004838BD /* Frameworks */,
				C64D8C0029E34A8D004838BD /* Resources */,
			);
			buildRules = (
			);
			dependencies = (
			);
			name = Xylophone;
			productName = Xylophone;
			productReference = C64D8C0229E34A8D004838BD /* Xylophone.app */;
			productType = "com.apple.product-type.application";
		};
/* End PBXNativeTarget section */

/* Begin PBXProject section */
		C64D8BFA29E34A8D004838BD /* Project object */ = {
			isa = PBXProject;
			attributes = {
				BuildIndependentTargetsInParallel = 1;
				LastSwiftUpdateCheck = 1430;
				LastUpgradeCheck = 1430;
				TargetAttributes = {
					C64D8C0129E34A8D004838BD = {
						CreatedOnToolsVersion = 14.3;
					};
				};
			};
			buildConfigurationList = C64D8BFD29E34A8D004838BD /* Build configuration list for PBXProject "Xylophone" */;
			compatibilityVersion = "Xcode 14.0";
			developmentRegion = en;
			hasScannedForEncodings = 0;
			knownRegions = (
				en,
				Base,
			);
			mainGroup = C64D8BF929E34A8D004838BD;
			productRefGroup = C64D8C0329E34A8D004838BD /* Products */;
			projectDirPath = "";
			projectRoot = "";
			targets = (
				C64D8C0129E34A8D004838BD /* Xylophone */,
			);
		};
/* End PBXProject section */

/* Begin PBXResourcesBuildPhase section */
		C64D8C0029E34A8D004838BD /* Resources */ = {
			isa = PBXResourcesBuildPhase;
			buildActionMask = 2147483647;
			files = (
				C64D8C1229E34A8E004838BD /* LaunchScreen.storyboard in Resources */,
				C64D8C0F29E34A8E004838BD /* Assets.xcassets in Resources */,
				C6998E5729E3880F009C8FC1 /* D.wav in Resources */,
				C6998E5B29E38822009C8FC1 /* F.wav in Resources */,
				C6998E5129E387E1009C8FC1 /* A.wav in Resources */,
				C6998E5529E38805009C8FC1 /* B.wav in Resources */,
				C6998E5D29E3882B009C8FC1 /* G.wav in Resources */,
				C64D8C0D29E34A8D004838BD /* Main.storyboard in Resources */,
				C6998E5929E38819009C8FC1 /* E.wav in Resources */,
				C6998E5329E387EC009C8FC1 /* C.wav in Resources */,
			);
			runOnlyForDeploymentPostprocessing = 0;
		};
/* End PBXResourcesBuildPhase section */

/* Begin PBXSourcesBuildPhase section */
		C64D8BFE29E34A8D004838BD /* Sources */ = {
			isa = PBXSourcesBuildPhase;
			buildActionMask = 2147483647;
			files = (
				C64D8C0A29E34A8D004838BD /* ViewController.swift in Sources */,
				C64D8C0629E34A8D004838BD /* AppDelegate.swift in Sources */,
				C64D8C0829E34A8D004838BD /* SceneDelegate.swift in Sources */,
			);
			runOnlyForDeploymentPostprocessing = 0;
		};
/* End PBXSourcesBuildPhase section */

/* Begin PBXVariantGroup section */
		C64D8C0B29E34A8D004838BD /* Main.storyboard */ = {
			isa = PBXVariantGroup;
			children = (
				C64D8C0C29E34A8D004838BD /* Base */,
			);
			name = Main.storyboard;
			sourceTree = "<group>";
		};
		C64D8C1029E34A8E004838BD /* LaunchScreen.storyboard */ = {
			isa = PBXVariantGroup;
			children = (
				C64D8C1129E34A8E004838BD /* Base */,
			);
			name = LaunchScreen.storyboard;
			sourceTree = "<group>";
		};
/* End PBXVariantGroup section */

/* Begin XCBuildConfiguration section */
		C64D8C1429E34A8E004838BD /* Debug */ = {
			isa = XCBuildConfiguration;
			buildSettings = {
				ALWAYS_SEARCH_USER_PATHS = NO;
				CLANG_ANALYZER_NONNULL = YES;
				CLANG_ANALYZER_NUMBER_OBJECT_CONVERSION = YES_AGGRESSIVE;
				CLANG_CXX_LANGUAGE_STANDARD = "gnu++20";
				CLANG_ENABLE_MODULES = YES;
				CLANG_ENABLE_OBJC_ARC = YES;
				CLANG_ENABLE_OBJC_WEAK = YES;
				CLANG_WARN_BLOCK_CAPTURE_AUTORELEASING = YES;
				CLANG_WARN_BOOL_CONVERSION = YES;
				CLANG_WARN_COMMA = YES;
				CLANG_WARN_CONSTANT_CONVERSION = YES;
				CLANG_WARN_DEPRECATED_OBJC_IMPLEMENTATIONS = YES;
				CLANG_WARN_DIRECT_OBJC_ISA_USAGE = YES_ERROR;
				CLANG_WARN_DOCUMENTATION_COMMENTS = YES;
				CLANG_WARN_EMPTY_BODY = YES;
				CLANG_WARN_ENUM_CONVERSION = YES;
				CLANG_WARN_INFINITE_RECURSION = YES;
				CLANG_WARN_INT_CONVERSION = YES;
				CLANG_WARN_NON_LITERAL_NULL_CONVERSION = YES;
				CLANG_WARN_OBJC_IMPLICIT_RETAIN_SELF = YES;
				CLANG_WARN_OBJC_LITERAL_CONVERSION = YES;
				CLANG_WARN_OBJC_ROOT_CLASS = YES_ERROR;
				CLANG_WARN_QUOTED_INCLUDE_IN_FRAMEWORK_HEADER = YES;
				CLANG_WARN_RANGE_LOOP_ANALYSIS = YES;
				CLANG_WARN_STRICT_PROTOTYPES = YES;
				CLANG_WARN_SUSPICIOUS_MOVE = YES;
				CLANG_WARN_UNGUARDED_AVAILABILITY = YES_AGGRESSIVE;
				CLANG_WARN_UNREACHABLE_CODE = YES;
				CLANG_WARN__DUPLICATE_METHOD_MATCH = YES;
				COPY_PHASE_STRIP = NO;
				DEBUG_INFORMATION_FORMAT = dwarf;
				ENABLE_STRICT_OBJC_MSGSEND = YES;
				ENABLE_TESTABILITY = YES;
				GCC_C_LANGUAGE_STANDARD = gnu11;
				GCC_DYNAMIC_NO_PIC = NO;
				GCC_NO_COMMON_BLOCKS = YES;
				GCC_OPTIMIZATION_LEVEL = 0;
				GCC_PREPROCESSOR_DEFINITIONS = (
					"DEBUG=1",
					"$(inherited)",
				);
				GCC_WARN_64_TO_32_BIT_CONVERSION = YES;
				GCC_WARN_ABOUT_RETURN_TYPE = YES_ERROR;
				GCC_WARN_UNDECLARED_SELECTOR = YES;
				GCC_WARN_UNINITIALIZED_AUTOS = YES_AGGRESSIVE;
				GCC_WARN_UNUSED_FUNCTION = YES;
				GCC_WARN_UNUSED_VARIABLE = YES;
				IPHONEOS_DEPLOYMENT_TARGET = 16.4;
				MTL_ENABLE_DEBUG_INFO = INCLUDE_SOURCE;
				MTL_FAST_MATH = YES;
				ONLY_ACTIVE_ARCH = YES;
				SDKROOT = iphoneos;
				SWIFT_ACTIVE_COMPILATION_CONDITIONS = DEBUG;
				SWIFT_OPTIMIZATION_LEVEL = "-Onone";
			};
			name = Debug;
		};
		C64D8C1529E34A8E004838BD /* Release */ = {
			isa = XCBuildConfiguration;
			buildSettings = {
				ALWAYS_SEARCH_USER_PATHS = NO;
				CLANG_ANALYZER_NONNULL = YES;
				CLANG_ANALYZER_NUMBER_OBJECT_CONVERSION = YES_AGGRESSIVE;
				CLANG_CXX_LANGUAGE_STANDARD = "gnu++20";
				CLANG_ENABLE_MODULES = YES;
				CLANG_ENABLE_OBJC_ARC = YES;
				CLANG_ENABLE_OBJC_WEAK = YES;
				CLANG_WARN_BLOCK_CAPTURE_AUTORELEASING = YES;
				CLANG_WARN_BOOL_CONVERSION = YES;
				CLANG_WARN_COMMA = YES;
				CLANG_WARN_CONSTANT_CONVERSION = YES;
				CLANG_WARN_DEPRECATED_OBJC_IMPLEMENTATIONS = YES;
				CLANG_WARN_DIRECT_OBJC_ISA_USAGE = YES_ERROR;
				CLANG_WARN_DOCUMENTATION_COMMENTS = YES;
				CLANG_WARN_EMPTY_BODY = YES;
				CLANG_WARN_ENUM_CONVERSION = YES;
				CLANG_WARN_INFINITE_RECURSION = YES;
				CLANG_WARN_INT_CONVERSION = YES;
				CLANG_WARN_NON_LITERAL_NULL_CONVERSION = YES;
				CLANG_WARN_OBJC_IMPLICIT_RETAIN_SELF = YES;
				CLANG_WARN_OBJC_LITERAL_CONVERSION = YES;
				CLANG_WARN_OBJC_ROOT_CLASS = YES_ERROR;
				CLANG_WARN_QUOTED_INCLUDE_IN_FRAMEWORK_HEADER = YES;
				CLANG_WARN_RANGE_LOOP_ANALYSIS = YES;
				CLANG_WARN_STRICT_PROTOTYPES = YES;
				CLANG_WARN_SUSPICIOUS_MOVE = YES;
				CLANG_WARN_UNGUARDED_AVAILABILITY = YES_AGGRESSIVE;
				CLANG_WARN_UNREACHABLE_CODE = YES;
				CLANG_WARN__DUPLICATE_METHOD_MATCH = YES;
				COPY_PHASE_STRIP = NO;
				DEBUG_INFORMATION_FORMAT = "dwarf-with-dsym";
				ENABLE_NS_ASSERTIONS = NO;
				ENABLE_STRICT_OBJC_MSGSEND = YES;
				GCC_C_LANGUAGE_STANDARD = gnu11;
				GCC_NO_COMMON_BLOCKS = YES;
				GCC_WARN_64_TO_32_BIT_CONVERSION = YES;
				GCC_WARN_ABOUT_RETURN_TYPE = YES_ERROR;
				GCC_WARN_UNDECLARED_SELECTOR = YES;
				GCC_WARN_UNINITIALIZED_AUTOS = YES_AGGRESSIVE;
				GCC_WARN_UNUSED_FUNCTION = YES;
				GCC_WARN_UNUSED_VARIABLE = YES;
				IPHONEOS_DEPLOYMENT_TARGET = 16.4;
				MTL_ENABLE_DEBUG_INFO = NO;
				MTL_FAST_MATH = YES;
				SDKROOT = iphoneos;
				SWIFT_COMPILATION_MODE = wholemodule;
				SWIFT_OPTIMIZATION_LEVEL = "-O";
				VALIDATE_PRODUCT = YES;
			};
			name = Release;
		};
		C64D8C1729E34A8E004838BD /* Debug */ = {
			isa = XCBuildConfiguration;
			buildSettings = {
				ASSETCATALOG_COMPILER_APPICON_NAME = AppIcon;
				ASSETCATALOG_COMPILER_GLOBAL_ACCENT_COLOR_NAME = AccentColor;
				CODE_SIGN_STYLE = Automatic;
				CURRENT_PROJECT_VERSION = 1;
				DEVELOPMENT_TEAM = W83LB3ZRMV;
				GENERATE_INFOPLIST_FILE = YES;
				INFOPLIST_FILE = Xylophone/Info.plist;
				INFOPLIST_KEY_NSMicrophoneUsageDescription = "Для воспроизведения звука";
				INFOPLIST_KEY_UIApplicationSupportsIndirectInputEvents = YES;
				INFOPLIST_KEY_UILaunchStoryboardName = LaunchScreen;
				INFOPLIST_KEY_UIMainStoryboardFile = Main;
				INFOPLIST_KEY_UISupportedInterfaceOrientations = UIInterfaceOrientationPortrait;
				INFOPLIST_KEY_UISupportedInterfaceOrientations_iPad = "UIInterfaceOrientationLandscapeLeft UIInterfaceOrientationLandscapeRight UIInterfaceOrientationPortrait UIInterfaceOrientationPortraitUpsideDown";
				LD_RUNPATH_SEARCH_PATHS = (
					"$(inherited)",
					"@executable_path/Frameworks",
				);
				MARKETING_VERSION = 1.0;
				PRODUCT_BUNDLE_IDENTIFIER = com.lashin.Xylophone;
				PRODUCT_NAME = "$(TARGET_NAME)";
				SUPPORTED_PLATFORMS = "iphoneos iphonesimulator";
				SUPPORTS_MACCATALYST = NO;
				SUPPORTS_MAC_DESIGNED_FOR_IPHONE_IPAD = NO;
				SWIFT_EMIT_LOC_STRINGS = YES;
				SWIFT_VERSION = 5.0;
				TARGETED_DEVICE_FAMILY = 1;
			};
			name = Debug;
		};
		C64D8C1829E34A8E004838BD /* Release */ = {
			isa = XCBuildConfiguration;
			buildSettings = {
				ASSETCATALOG_COMPILER_APPICON_NAME = AppIcon;
				ASSETCATALOG_COMPILER_GLOBAL_ACCENT_COLOR_NAME = AccentColor;
				CODE_SIGN_STYLE = Automatic;
				CURRENT_PROJECT_VERSION = 1;
				DEVELOPMENT_TEAM = W83LB3ZRMV;
				GENERATE_INFOPLIST_FILE = YES;
				INFOPLIST_FILE = Xylophone/Info.plist;
				INFOPLIST_KEY_NSMicrophoneUsageDescription = "Для воспроизведения звука";
				INFOPLIST_KEY_UIApplicationSupportsIndirectInputEvents = YES;
				INFOPLIST_KEY_UILaunchStoryboardName = LaunchScreen;
				INFOPLIST_KEY_UIMainStoryboardFile = Main;
				INFOPLIST_KEY_UISupportedInterfaceOrientations = UIInterfaceOrientationPortrait;
				INFOPLIST_KEY_UISupportedInterfaceOrientations_iPad = "UIInterfaceOrientationLandscapeLeft UIInterfaceOrientationLandscapeRight UIInterfaceOrientationPortrait UIInterfaceOrientationPortraitUpsideDown";
				LD_RUNPATH_SEARCH_PATHS = (
					"$(inherited)",
					"@executable_path/Frameworks",
				);
				MARKETING_VERSION = 1.0;
				PRODUCT_BUNDLE_IDENTIFIER = com.lashin.Xylophone;
				PRODUCT_NAME = "$(TARGET_NAME)";
				SUPPORTED_PLATFORMS = "iphoneos iphonesimulator";
				SUPPORTS_MACCATALYST = NO;
				SUPPORTS_MAC_DESIGNED_FOR_IPHONE_IPAD = NO;
				SWIFT_EMIT_LOC_STRINGS = YES;
				SWIFT_VERSION = 5.0;
				TARGETED_DEVICE_FAMILY = 1;
			};
			name = Release;
		};
/* End XCBuildConfiguration section */

/* Begin XCConfigurationList section */
		C64D8BFD29E34A8D004838BD /* Build configuration list for PBXProject "Xylophone" */ = {
			isa = XCConfigurationList;
			buildConfigurations = (
				C64D8C1429E34A8E004838BD /* Debug */,
				C64D8C1529E34A8E004838BD /* Release */,
			);
			defaultConfigurationIsVisible = 0;
			defaultConfigurationName = Release;
		};
		C64D8C1629E34A8E004838BD /* Build configuration list for PBXNativeTarget "Xylophone" */ = {
			isa = XCConfigurationList;
			buildConfigurations = (
				C64D8C1729E34A8E004838BD /* Debug */,
				C64D8C1829E34A8E004838BD /* Release */,
			);
			defaultConfigurationIsVisible = 0;
			defaultConfigurationName = Release;
		};
/* End XCConfigurationList section */
	};
	rootObject = C64D8BFA29E34A8D004838BD /* Project object */;
}
